{
  "name": "tokamak-docs",
  "lockfileVersion": 3,
  "requires": true,
  "packages": {
    "": {
      "name": "tokamak-docs",
      "dependencies": {
        "htm": "^3.1.1",
        "lodash": "^4.17.23",
        "marked": "^15.0.0",
        "preact": "^10.24.3",
        "preact-render-to-string": "^6.5.11"
      }
    },
    "node_modules/htm": {
      "version": "3.1.1",
      "resolved": "https://registry.npmjs.org/htm/-/htm-3.1.1.tgz",
      "integrity": "sha512-983Vyg8NwUE7JkZ6NmOqpCZ+sh1bKv2iYTlUkzlWmA5JD2acKoxd4KVxbMmxX/85mtfdnDmTFoNKcg5DGAvxNQ==",
      "license": "Apache-2.0"
    },
    "node_modules/lodash": {
      "version": "4.17.23",
      "resolved": "https://registry.npmjs.org/lodash/-/lodash-4.17.23.tgz",
      "integrity": "sha512-LgVTMpQtIopCi79SJeDiP0TfWi5CNEc/L/aRdTh3yIvmZXTnheWpKjSZhnvMl8iXbC1tFg9gdHHDMLoV7CnG+w==",
      "license": "MIT"
    },
    "node_modules/marked": {
      "version": "15.0.12",
      "resolved": "https://registry.npmjs.org/marked/-/marked-15.0.12.tgz",
      "integrity": "sha512-8dD6FusOQSrpv9Z1rdNMdlSgQOIP880DHqnohobOmYLElGEqAL/JvxvuxZO16r4HtjTlfPRDC1hbvxC9dPN2nA==",
      "license": "MIT",
      "bin": {
        "marked": "bin/marked.js"
      },
      "engines": {
        "node": ">= 18"
      }
    },
    "node_modules/preact": {
      "version": "10.28.2",
      "resolved": "https://registry.npmjs.org/preact/-/preact-10.28.2.tgz",
      "integrity": "sha512-lbteaWGzGHdlIuiJ0l2Jq454m6kcpI1zNje6d8MlGAFlYvP2GO4ibnat7P74Esfz4sPTdM6UxtTwh/d3pwM9JA==",
      "license": "MIT",
      "funding": {
        "type": "opencollective",
        "url": "https://opencollective.com/preact"
      }
    },
    "node_modules/preact-render-to-string": {
      "version": "6.6.5",
      "resolved": "https://registry.npmjs.org/preact-render-to-string/-/preact-render-to-string-6.6.5.tgz",
      "integrity": "sha512-O6MHzYNIKYaiSX3bOw0gGZfEbOmlIDtDfWwN1JJdc/T3ihzRT6tGGSEWE088dWrEDGa1u7101q+6fzQnO9XCPA==",
      "license": "MIT",
      "peerDependencies": {
        "preact": ">=10 || >= 11.0.0-0"
      }
    }
  }
}
